{
  "markbot": "b3865c58be840dae019f0fd8ce3f1fb0aebc810cf340e09a19469ded45a20cb2",
  "index-320.png": "0629dd14ae5aabff3bfdabb31f5ea3a3478f5ca87c07d7fe7116bc15e6c108b0",
  "index-400.png": "c4470288401cce9bab681247f1447b6e75c007cdab5eac18f6fe9831052258b7",
  "index-608.png": "5c3d242127c5350b28c8f1f04b5af24419511e3c1466d6a4ba78fe80efd34870",
  "index-960.png": "cc8bb9195b63504fb5d5413ddf75bb345cba04131fc8e5b4b82d8fe1fbee10a3",
  "index-1440.png": "519fd376da96d2a48665d325b69165b94f4dfd73eb81d225ce4aaf006dbb6521"
}