{
  "markbot": "1fb982fab1e577da404ec1b7e3eedb94f53f28873d7b7d9008b399ec9c03003a",
  "markbotignore": "030a4e6e1b3b6b510514a7ae54576e2c2ef762d56236c6414ef634955d96a126",
  "index-320.png": "06d340d7073538bcf0b4af76c4835116b84611a71ec148ef8981d1bcf803a2bb",
  "index-400.png": "4c6962da854a22e9838a5400676ae9a509056567e9f98e42d6b6ea427ae6e167",
  "index-608.png": "08d626c09d4ddab4b0a548f6881c39964682fde75c0ff997b9614f3d239d089a",
  "index-960.png": "40a15ef7d783d34f74e48fbfad0fb2b88641bb292881519563eb4501a49c1905",
  "index-1440.png": "bcc8bbcb00ebb13d3917d57cd10e183c250892175706de07086061aed794c71f"
}