{
  "markbot": "bf852976b105882898fe43b38a2a38c80f913d640aa86c332cc4f5c19e8c8b8f",
  "markbotignore": "030a4e6e1b3b6b510514a7ae54576e2c2ef762d56236c6414ef634955d96a126",
  "index-320.png": "96462c10676ca7cd66b215a4563d6cb92855d838339180f64fc1179f96140a77",
  "index-400.png": "039e7d4d22ca35e250098dca0e0111df908375275457f7b9a28887590af3ad8e",
  "index-608.png": "757c9a53e33936670ed15ea388ce5ff08c9cf6c520b7fef46412d2290f6ee26e",
  "index-960.png": "ed6471842f77b8bc9b2d9d75d3b392e7b22da4d01a0517b3dd5bd3d56edd84bb",
  "index-1440.png": "f476919b31e24252a5f0e6fabd19c8505d20c1e1a7e2851859900cf7ca47d65a"
}